
Microsoft Visual Studio Solution File, Format Version 12.00
# Visual Studio 14
VisualStudioVersion = 14.0.25420.1
MinimumVisualStudioVersion = 10.0.40219.1
Project("{FAE04EC0-301F-11D3-BF4B-00C04F79EFBC}") = "WepApp", "WepApp\WepApp.csproj", "{29978006-B1B4-47D4-9D01-92C7F7F23016}"
EndProject
Project("{FAE04EC0-301F-11D3-BF4B-00C04F79EFBC}") = "EventApp.Web", "EventApp.Web\EventApp.Web.csproj", "{8F2FD4E3-D66E-4D28-81DC-3614F875CFEC}"
EndProject
Global
	GlobalSection(SolutionConfigurationPlatforms) = preSolution
		Debug|Any CPU = Debug|Any CPU
		Release|Any CPU = Release|Any CPU
	EndGlobalSection
	GlobalSection(ProjectConfigurationPlatforms) = postSolution
		{29978006-B1B4-47D4-9D01-92C7F7F23016}.Debug|Any CPU.ActiveCfg = Debug|Any CPU
		{29978006-B1B4-47D4-9D01-92C7F7F23016}.Debug|Any CPU.Build.0 = Debug|Any CPU
		{29978006-B1B4-47D4-9D01-92C7F7F23016}.Release|Any CPU.ActiveCfg = Release|Any CPU
		{29978006-B1B4-47D4-9D01-92C7F7F23016}.Release|Any CPU.Build.0 = Release|Any CPU
		{8F2FD4E3-D66E-4D28-81DC-3614F875CFEC}.Debug|Any CPU.ActiveCfg = Debug|Any CPU
		{8F2FD4E3-D66E-4D28-81DC-3614F875CFEC}.Debug|Any CPU.Build.0 = Debug|Any CPU
		{8F2FD4E3-D66E-4D28-81DC-3614F875CFEC}.Release|Any CPU.ActiveCfg = Release|Any CPU
		{8F2FD4E3-D66E-4D28-81DC-3614F875CFEC}.Release|Any CPU.Build.0 = Release|Any CPU
	EndGlobalSection
	GlobalSection(SolutionProperties) = preSolution
		HideSolutionNode = FALSE
	EndGlobalSection
EndGlobal
